
Microsoft Visual Studio Solution File, Format Version 12.00
# Visual Studio 14
VisualStudioVersion = 14.0.24720.0
MinimumVisualStudioVersion = 10.0.40219.1
Project("{FAE04EC0-301F-11D3-BF4B-00C04F79EFBC}") = "Awesome-Time", "Awesome-Time\Awesome-Time.csproj", "{44527FA4-0252-4348-BFC5-2EA47C5437C7}"
EndProject
Project("{FAE04EC0-301F-11D3-BF4B-00C04F79EFBC}") = "Awesome-Time.Tests", "Awesome-Time.Tests\Awesome-Time.Tests.csproj", "{7FDA6A36-B75C-41C1-845B-1AE78DD2D027}"
EndProject
Project("{2150E333-8FDC-42A3-9474-1A3956D46DE8}") = "Stories", "Stories", "{104195AF-F58F-4035-AAAA-3F3E28F2AB0C}"
	ProjectSection(SolutionItems) = preProject
		Stories\1 & 2 Registration.docx = Stories\1 & 2 Registration.docx
		Stories\3 & 4 Admin Area and Account Management.txt = Stories\3 & 4 Admin Area and Account Management.txt
		Stories\5 & 6 User Tiers and News Articles.txt = Stories\5 & 6 User Tiers and News Articles.txt
		Stories\7 User Report and Login Data.txt = Stories\7 User Report and Login Data.txt
	EndProjectSection
EndProject
Global
	GlobalSection(SolutionConfigurationPlatforms) = preSolution
		Debug|Any CPU = Debug|Any CPU
		Release|Any CPU = Release|Any CPU
	EndGlobalSection
	GlobalSection(ProjectConfigurationPlatforms) = postSolution
		{44527FA4-0252-4348-BFC5-2EA47C5437C7}.Debug|Any CPU.ActiveCfg = Debug|Any CPU
		{44527FA4-0252-4348-BFC5-2EA47C5437C7}.Debug|Any CPU.Build.0 = Debug|Any CPU
		{44527FA4-0252-4348-BFC5-2EA47C5437C7}.Release|Any CPU.ActiveCfg = Release|Any CPU
		{44527FA4-0252-4348-BFC5-2EA47C5437C7}.Release|Any CPU.Build.0 = Release|Any CPU
		{7FDA6A36-B75C-41C1-845B-1AE78DD2D027}.Debug|Any CPU.ActiveCfg = Debug|Any CPU
		{7FDA6A36-B75C-41C1-845B-1AE78DD2D027}.Debug|Any CPU.Build.0 = Debug|Any CPU
		{7FDA6A36-B75C-41C1-845B-1AE78DD2D027}.Release|Any CPU.ActiveCfg = Release|Any CPU
		{7FDA6A36-B75C-41C1-845B-1AE78DD2D027}.Release|Any CPU.Build.0 = Release|Any CPU
	EndGlobalSection
	GlobalSection(SolutionProperties) = preSolution
		HideSolutionNode = FALSE
	EndGlobalSection
EndGlobal
